
Microsoft Visual Studio Solution File, Format Version 12.00
# Visual Studio Version 17
VisualStudioVersion = 17.5.33414.496
MinimumVisualStudioVersion = 10.0.40219.1
Project("{9A19103F-16F7-4668-BE54-9A1E7A4F7556}") = "ConcertDB", "ConcertDB\ConcertDB.csproj", "{7D8AA3D4-A0B7-4459-A2AB-5025A105D967}"
EndProject
Project("{FAE04EC0-301F-11D3-BF4B-00C04F79EFBC}") = "ConcertDB_Web", "ConcertDB_Web\ConcertDB_Web.csproj", "{AD9BBB8E-3058-4F91-BEE8-DF34B868171B}"
EndProject
Global
	GlobalSection(SolutionConfigurationPlatforms) = preSolution
		Debug|Any CPU = Debug|Any CPU
		Release|Any CPU = Release|Any CPU
	EndGlobalSection
	GlobalSection(ProjectConfigurationPlatforms) = postSolution
		{7D8AA3D4-A0B7-4459-A2AB-5025A105D967}.Debug|Any CPU.ActiveCfg = Debug|Any CPU
		{7D8AA3D4-A0B7-4459-A2AB-5025A105D967}.Debug|Any CPU.Build.0 = Debug|Any CPU
		{7D8AA3D4-A0B7-4459-A2AB-5025A105D967}.Release|Any CPU.ActiveCfg = Release|Any CPU
		{7D8AA3D4-A0B7-4459-A2AB-5025A105D967}.Release|Any CPU.Build.0 = Release|Any CPU
		{AD9BBB8E-3058-4F91-BEE8-DF34B868171B}.Debug|Any CPU.ActiveCfg = Debug|Any CPU
		{AD9BBB8E-3058-4F91-BEE8-DF34B868171B}.Debug|Any CPU.Build.0 = Debug|Any CPU
		{AD9BBB8E-3058-4F91-BEE8-DF34B868171B}.Release|Any CPU.ActiveCfg = Release|Any CPU
		{AD9BBB8E-3058-4F91-BEE8-DF34B868171B}.Release|Any CPU.Build.0 = Release|Any CPU
	EndGlobalSection
	GlobalSection(SolutionProperties) = preSolution
		HideSolutionNode = FALSE
	EndGlobalSection
	GlobalSection(ExtensibilityGlobals) = postSolution
		SolutionGuid = {F72E134E-76E5-4BE3-B291-0C0AB5F73047}
	EndGlobalSection
EndGlobal
